
Microsoft Visual Studio Solution File, Format Version 12.00
# Visual Studio Version 16
VisualStudioVersion = 16.0.32106.194
MinimumVisualStudioVersion = 10.0.40219.1
Project("{FAE04EC0-301F-11D3-BF4B-00C04F79EFBC}") = "ReservationSystem", "ReservationSystem\ReservationSystem.csproj", "{AF022C3F-CCC0-4C89-8E9B-5B04224403B3}"
EndProject
Global
	GlobalSection(SolutionConfigurationPlatforms) = preSolution
		Debug|Any CPU = Debug|Any CPU
		Release|Any CPU = Release|Any CPU
	EndGlobalSection
	GlobalSection(ProjectConfigurationPlatforms) = postSolution
		{AF022C3F-CCC0-4C89-8E9B-5B04224403B3}.Debug|Any CPU.ActiveCfg = Debug|Any CPU
		{AF022C3F-CCC0-4C89-8E9B-5B04224403B3}.Debug|Any CPU.Build.0 = Debug|Any CPU
		{AF022C3F-CCC0-4C89-8E9B-5B04224403B3}.Release|Any CPU.ActiveCfg = Release|Any CPU
		{AF022C3F-CCC0-4C89-8E9B-5B04224403B3}.Release|Any CPU.Build.0 = Release|Any CPU
	EndGlobalSection
	GlobalSection(SolutionProperties) = preSolution
		HideSolutionNode = FALSE
	EndGlobalSection
	GlobalSection(ExtensibilityGlobals) = postSolution
		SolutionGuid = {1A1FFE02-B0D5-46D7-802F-85168587B992}
	EndGlobalSection
EndGlobal
